// !$*UTF8*$!
{
	archiveVersion = 1;
	classes = {
	};
	objectVersion = 46;
	objects = {

/* Begin PBXBuildFile section */
		96034EFA1A0FF8FC00289C55 /* UIView+Extension.swift in Sources */ = {isa = PBXBuildFile; fileRef = 96034EF91A0FF8FC00289C55 /* UIView+Extension.swift */; };
		96133F3E1A0EA7FE00CECF4D /* GKImage+Extension.swift in Sources */ = {isa = PBXBuildFile; fileRef = 96133F3D1A0EA7FE00CECF4D /* GKImage+Extension.swift */; };
		96133F3F1A0EA7FE00CECF4D /* GKImage+Extension.swift in Sources */ = {isa = PBXBuildFile; fileRef = 96133F3D1A0EA7FE00CECF4D /* GKImage+Extension.swift */; };
		962A97521A0C26C500402071 /* StackTests.swift in Sources */ = {isa = PBXBuildFile; fileRef = 962A97511A0C26C500402071 /* StackTests.swift */; };
		962E122A19FC195900A1C594 /* GenesisKitOSX.h in Headers */ = {isa = PBXBuildFile; fileRef = 962E122919FC195900A1C594 /* GenesisKitOSX.h */; settings = {ATTRIBUTES = (Public, ); }; };
		962E123719FC195900A1C594 /* GenesisKitOSXTests.swift in Sources */ = {isa = PBXBuildFile; fileRef = 962E123619FC195900A1C594 /* GenesisKitOSXTests.swift */; };
		962E12C819FC1AF200A1C594 /* Conversion.swift in Sources */ = {isa = PBXBuildFile; fileRef = 962E12B519FC1AF200A1C594 /* Conversion.swift */; };
		962E12CA19FC1AF200A1C594 /* Diagnostics.swift in Sources */ = {isa = PBXBuildFile; fileRef = 962E12B619FC1AF200A1C594 /* Diagnostics.swift */; };
		962E12CC19FC1AF200A1C594 /* NSDate+Extension.swift in Sources */ = {isa = PBXBuildFile; fileRef = 962E12B819FC1AF200A1C594 /* NSDate+Extension.swift */; };
		962E12CE19FC1AF200A1C594 /* NSTimeInterval+Extension.swift in Sources */ = {isa = PBXBuildFile; fileRef = 962E12B919FC1AF200A1C594 /* NSTimeInterval+Extension.swift */; };
		962E12D019FC1AF200A1C594 /* Generator.swift in Sources */ = {isa = PBXBuildFile; fileRef = 962E12BA19FC1AF200A1C594 /* Generator.swift */; };
		962E12D219FC1AF200A1C594 /* DefaultsManager.swift in Sources */ = {isa = PBXBuildFile; fileRef = 962E12BC19FC1AF200A1C594 /* DefaultsManager.swift */; };
		962E12D419FC1AF200A1C594 /* FontManager.swift in Sources */ = {isa = PBXBuildFile; fileRef = 962E12BD19FC1AF200A1C594 /* FontManager.swift */; };
		962E12D619FC1AF200A1C594 /* Memoization.swift in Sources */ = {isa = PBXBuildFile; fileRef = 962E12BE19FC1AF200A1C594 /* Memoization.swift */; };
		962E12D819FC1AF200A1C594 /* Stack.swift in Sources */ = {isa = PBXBuildFile; fileRef = 962E12BF19FC1AF200A1C594 /* Stack.swift */; };
		962E12DA19FC1AF200A1C594 /* NetworkActivityController.swift in Sources */ = {isa = PBXBuildFile; fileRef = 962E12C219FC1AF200A1C594 /* NetworkActivityController.swift */; };
		962E12DC19FC1AF200A1C594 /* ValidatorProtocol.swift in Sources */ = {isa = PBXBuildFile; fileRef = 962E12C419FC1AF200A1C594 /* ValidatorProtocol.swift */; };
		962E12DE19FC1AF200A1C594 /* emailValidator.swift in Sources */ = {isa = PBXBuildFile; fileRef = 962E12C619FC1AF200A1C594 /* emailValidator.swift */; };
		962E133419FC689E00A1C594 /* GenesisKitIOS.h in Headers */ = {isa = PBXBuildFile; fileRef = 962E133319FC689E00A1C594 /* GenesisKitIOS.h */; settings = {ATTRIBUTES = (Public, ); }; };
		962E133A19FC689F00A1C594 /* GenesisKitIOS.framework in Frameworks */ = {isa = PBXBuildFile; fileRef = 962E132F19FC689E00A1C594 /* GenesisKitIOS.framework */; };
		962E134119FC689F00A1C594 /* GenesisKitIOSTests.swift in Sources */ = {isa = PBXBuildFile; fileRef = 962E134019FC689F00A1C594 /* GenesisKitIOSTests.swift */; };
		962F7E101A040DF100A7BC6F /* GKColor+SportsNFL.swift in Sources */ = {isa = PBXBuildFile; fileRef = 962F7E0F1A040DF100A7BC6F /* GKColor+SportsNFL.swift */; };
		962F7E111A040DF100A7BC6F /* GKColor+SportsNFL.swift in Sources */ = {isa = PBXBuildFile; fileRef = 962F7E0F1A040DF100A7BC6F /* GKColor+SportsNFL.swift */; };
		965E1FD21A1BF1DA008E5E62 /* DirectoryManager.swift in Sources */ = {isa = PBXBuildFile; fileRef = 965E1FD11A1BF1DA008E5E62 /* DirectoryManager.swift */; };
		965E1FD31A1BF1DA008E5E62 /* DirectoryManager.swift in Sources */ = {isa = PBXBuildFile; fileRef = 965E1FD11A1BF1DA008E5E62 /* DirectoryManager.swift */; };
		965E1FD51A1BFD23008E5E62 /* DirectoryManagerTest.swift in Sources */ = {isa = PBXBuildFile; fileRef = 965E1FD41A1BFD23008E5E62 /* DirectoryManagerTest.swift */; };
		96640EFA1A6B08DC00DD20D9 /* GenesisKitOSX.framework in Frameworks */ = {isa = PBXBuildFile; fileRef = 962E122519FC195900A1C594 /* GenesisKitOSX.framework */; };
		96640EFC1A6B129C00DD20D9 /* NetworkInfo.swift in Sources */ = {isa = PBXBuildFile; fileRef = 96640EFB1A6B129C00DD20D9 /* NetworkInfo.swift */; };
		96640EFD1A6B129C00DD20D9 /* NetworkInfo.swift in Sources */ = {isa = PBXBuildFile; fileRef = 96640EFB1A6B129C00DD20D9 /* NetworkInfo.swift */; };
		9674C0431AA2A5D200D5AF6F /* Array+Extension.swift in Sources */ = {isa = PBXBuildFile; fileRef = 9674C0421AA2A5D200D5AF6F /* Array+Extension.swift */; };
		9674C0441AA2A5D200D5AF6F /* Array+Extension.swift in Sources */ = {isa = PBXBuildFile; fileRef = 9674C0421AA2A5D200D5AF6F /* Array+Extension.swift */; };
		9674C0461AA2A66600D5AF6F /* NSMutableData+Extension.swift in Sources */ = {isa = PBXBuildFile; fileRef = 9674C0451AA2A66600D5AF6F /* NSMutableData+Extension.swift */; };
		9674C0471AA2A66600D5AF6F /* NSMutableData+Extension.swift in Sources */ = {isa = PBXBuildFile; fileRef = 9674C0451AA2A66600D5AF6F /* NSMutableData+Extension.swift */; };
		9674C0491AA2A70400D5AF6F /* Numbers+Extensions.swift in Sources */ = {isa = PBXBuildFile; fileRef = 9674C0481AA2A70400D5AF6F /* Numbers+Extensions.swift */; };
		9674C04A1AA2A70400D5AF6F /* Numbers+Extensions.swift in Sources */ = {isa = PBXBuildFile; fileRef = 9674C0481AA2A70400D5AF6F /* Numbers+Extensions.swift */; };
		9682323B1A0EE44C00C1149F /* UIImage+Extension.swift in Sources */ = {isa = PBXBuildFile; fileRef = 9682323A1A0EE44C00C1149F /* UIImage+Extension.swift */; };
		9698238819FD582D00E6E226 /* Error.swift in Sources */ = {isa = PBXBuildFile; fileRef = 9698238719FD582D00E6E226 /* Error.swift */; };
		9698238919FD582D00E6E226 /* Error.swift in Sources */ = {isa = PBXBuildFile; fileRef = 9698238719FD582D00E6E226 /* Error.swift */; };
		9698239019FD5FC200E6E226 /* emailValidator.swift in Sources */ = {isa = PBXBuildFile; fileRef = 962E12C619FC1AF200A1C594 /* emailValidator.swift */; };
		9698239119FD5FC700E6E226 /* ValidatorProtocol.swift in Sources */ = {isa = PBXBuildFile; fileRef = 962E12C419FC1AF200A1C594 /* ValidatorProtocol.swift */; };
		9698239219FD5FCA00E6E226 /* NetworkActivityController.swift in Sources */ = {isa = PBXBuildFile; fileRef = 962E12C219FC1AF200A1C594 /* NetworkActivityController.swift */; };
		9698239319FD5FCE00E6E226 /* DefaultsManager.swift in Sources */ = {isa = PBXBuildFile; fileRef = 962E12BC19FC1AF200A1C594 /* DefaultsManager.swift */; };
		9698239419FD5FCE00E6E226 /* FontManager.swift in Sources */ = {isa = PBXBuildFile; fileRef = 962E12BD19FC1AF200A1C594 /* FontManager.swift */; };
		9698239519FD5FD400E6E226 /* NSDate+Extension.swift in Sources */ = {isa = PBXBuildFile; fileRef = 962E12B819FC1AF200A1C594 /* NSDate+Extension.swift */; };
		9698239619FD5FD400E6E226 /* NSTimeInterval+Extension.swift in Sources */ = {isa = PBXBuildFile; fileRef = 962E12B919FC1AF200A1C594 /* NSTimeInterval+Extension.swift */; };
		9698239719FD5FD900E6E226 /* Conversion.swift in Sources */ = {isa = PBXBuildFile; fileRef = 962E12B519FC1AF200A1C594 /* Conversion.swift */; };
		9698239819FD5FD900E6E226 /* Diagnostics.swift in Sources */ = {isa = PBXBuildFile; fileRef = 962E12B619FC1AF200A1C594 /* Diagnostics.swift */; };
		9698239919FD5FD900E6E226 /* Generator.swift in Sources */ = {isa = PBXBuildFile; fileRef = 962E12BA19FC1AF200A1C594 /* Generator.swift */; };
		9698239A19FD5FD900E6E226 /* Memoization.swift in Sources */ = {isa = PBXBuildFile; fileRef = 962E12BE19FC1AF200A1C594 /* Memoization.swift */; };
		9698239B19FD5FD900E6E226 /* Stack.swift in Sources */ = {isa = PBXBuildFile; fileRef = 962E12BF19FC1AF200A1C594 /* Stack.swift */; };
		9698239F19FD6CD200E6E226 /* Reachability+Internal.swift in Sources */ = {isa = PBXBuildFile; fileRef = 9698239E19FD6CD200E6E226 /* Reachability+Internal.swift */; };
		969823A419FD6ECF00E6E226 /* Reachability+Internal.swift in Sources */ = {isa = PBXBuildFile; fileRef = 9698239E19FD6CD200E6E226 /* Reachability+Internal.swift */; };
		969823B419FDAE7800E6E226 /* CountryFlag.swift in Sources */ = {isa = PBXBuildFile; fileRef = 969823B319FDAE7800E6E226 /* CountryFlag.swift */; };
		969823B519FDAE7800E6E226 /* CountryFlag.swift in Sources */ = {isa = PBXBuildFile; fileRef = 969823B319FDAE7800E6E226 /* CountryFlag.swift */; };
		969823B719FDB67A00E6E226 /* NSBundle+Framework.swift in Sources */ = {isa = PBXBuildFile; fileRef = 969823B619FDB67A00E6E226 /* NSBundle+Framework.swift */; };
		969823B819FDB67A00E6E226 /* NSBundle+Framework.swift in Sources */ = {isa = PBXBuildFile; fileRef = 969823B619FDB67A00E6E226 /* NSBundle+Framework.swift */; };
		969823C119FEFA0800E6E226 /* flags-iso in Resources */ = {isa = PBXBuildFile; fileRef = 969823BE19FEF9D200E6E226 /* flags-iso */; };
		969823C41A00300900E6E226 /* GKImage.swift in Sources */ = {isa = PBXBuildFile; fileRef = 969823C31A00300900E6E226 /* GKImage.swift */; };
		969823C51A00300900E6E226 /* GKImage.swift in Sources */ = {isa = PBXBuildFile; fileRef = 969823C31A00300900E6E226 /* GKImage.swift */; };
		969823C71A00304800E6E226 /* GKFont.swift in Sources */ = {isa = PBXBuildFile; fileRef = 969823C61A00304800E6E226 /* GKFont.swift */; };
		969823C81A00304800E6E226 /* GKFont.swift in Sources */ = {isa = PBXBuildFile; fileRef = 969823C61A00304800E6E226 /* GKFont.swift */; };
		969823CA1A0030FC00E6E226 /* GKColor.swift in Sources */ = {isa = PBXBuildFile; fileRef = 969823C91A0030FC00E6E226 /* GKColor.swift */; };
		969823CB1A0030FC00E6E226 /* GKColor.swift in Sources */ = {isa = PBXBuildFile; fileRef = 969823C91A0030FC00E6E226 /* GKColor.swift */; };
		969823CE1A012F3F00E6E226 /* GKColor+Extension.swift in Sources */ = {isa = PBXBuildFile; fileRef = 969823CD1A012F3F00E6E226 /* GKColor+Extension.swift */; };
		969823CF1A012F3F00E6E226 /* GKColor+Extension.swift in Sources */ = {isa = PBXBuildFile; fileRef = 969823CD1A012F3F00E6E226 /* GKColor+Extension.swift */; };
		969823D21A01676700E6E226 /* GKColor+FlatColors.swift in Sources */ = {isa = PBXBuildFile; fileRef = 969823D11A01676700E6E226 /* GKColor+FlatColors.swift */; };
		969823D31A01676700E6E226 /* GKColor+FlatColors.swift in Sources */ = {isa = PBXBuildFile; fileRef = 969823D11A01676700E6E226 /* GKColor+FlatColors.swift */; };
		969823D51A01680B00E6E226 /* GKColor+CompanyColors.swift in Sources */ = {isa = PBXBuildFile; fileRef = 969823D41A01680B00E6E226 /* GKColor+CompanyColors.swift */; };
		969823D61A01680B00E6E226 /* GKColor+CompanyColors.swift in Sources */ = {isa = PBXBuildFile; fileRef = 969823D41A01680B00E6E226 /* GKColor+CompanyColors.swift */; };
		96C3248A1A01A29600AC8498 /* GKColor+SportsNBA.swift in Sources */ = {isa = PBXBuildFile; fileRef = 96C324891A01A29600AC8498 /* GKColor+SportsNBA.swift */; };
		96C3248B1A01A29600AC8498 /* GKColor+SportsNBA.swift in Sources */ = {isa = PBXBuildFile; fileRef = 96C324891A01A29600AC8498 /* GKColor+SportsNBA.swift */; };
		96D99B2E1A0C4D7300666BF8 /* GKColor+SportsNHL.swift in Sources */ = {isa = PBXBuildFile; fileRef = 96D99B2D1A0C4D7300666BF8 /* GKColor+SportsNHL.swift */; };
		96D99B2F1A0C4D7300666BF8 /* GKColor+SportsNHL.swift in Sources */ = {isa = PBXBuildFile; fileRef = 96D99B2D1A0C4D7300666BF8 /* GKColor+SportsNHL.swift */; };
		96D99B321A0E83DB00666BF8 /* AutoComplete.swift in Sources */ = {isa = PBXBuildFile; fileRef = 96D99B311A0E83DA00666BF8 /* AutoComplete.swift */; };
		96D99B331A0E83DB00666BF8 /* AutoComplete.swift in Sources */ = {isa = PBXBuildFile; fileRef = 96D99B311A0E83DA00666BF8 /* AutoComplete.swift */; };
/* End PBXBuildFile section */

/* Begin PBXContainerItemProxy section */
		962E123119FC195900A1C594 /* PBXContainerItemProxy */ = {
			isa = PBXContainerItemProxy;
			containerPortal = 962E11DD19FC18EF00A1C594 /* Project object */;
			proxyType = 1;
			remoteGlobalIDString = 962E122419FC195900A1C594;
			remoteInfo = GenesisKitOSX;
		};
		962E133B19FC689F00A1C594 /* PBXContainerItemProxy */ = {
			isa = PBXContainerItemProxy;
			containerPortal = 962E11DD19FC18EF00A1C594 /* Project object */;
			proxyType = 1;
			remoteGlobalIDString = 962E132E19FC689E00A1C594;
			remoteInfo = GenesisKitIOS;
		};
/* End PBXContainerItemProxy section */

/* Begin PBXFileReference section */
		96034EF91A0FF8FC00289C55 /* UIView+Extension.swift */ = {isa = PBXFileReference; fileEncoding = 4; lastKnownFileType = sourcecode.swift; path = "UIView+Extension.swift"; sourceTree = "<group>"; };
		96133F3D1A0EA7FE00CECF4D /* GKImage+Extension.swift */ = {isa = PBXFileReference; fileEncoding = 4; lastKnownFileType = sourcecode.swift; path = "GKImage+Extension.swift"; sourceTree = "<group>"; };
		962A97511A0C26C500402071 /* StackTests.swift */ = {isa = PBXFileReference; fileEncoding = 4; lastKnownFileType = sourcecode.swift; path = StackTests.swift; sourceTree = "<group>"; };
		962E122519FC195900A1C594 /* GenesisKitOSX.framework */ = {isa = PBXFileReference; explicitFileType = wrapper.framework; includeInIndex = 0; path = GenesisKitOSX.framework; sourceTree = BUILT_PRODUCTS_DIR; };
		962E122819FC195900A1C594 /* Info.plist */ = {isa = PBXFileReference; lastKnownFileType = text.plist.xml; path = Info.plist; sourceTree = "<group>"; };
		962E122919FC195900A1C594 /* GenesisKitOSX.h */ = {isa = PBXFileReference; lastKnownFileType = sourcecode.c.h; path = GenesisKitOSX.h; sourceTree = "<group>"; };
		962E122F19FC195900A1C594 /* GenesisKitOSXTests.xctest */ = {isa = PBXFileReference; explicitFileType = wrapper.cfbundle; includeInIndex = 0; path = GenesisKitOSXTests.xctest; sourceTree = BUILT_PRODUCTS_DIR; };
		962E123519FC195900A1C594 /* Info.plist */ = {isa = PBXFileReference; lastKnownFileType = text.plist.xml; path = Info.plist; sourceTree = "<group>"; };
		962E123619FC195900A1C594 /* GenesisKitOSXTests.swift */ = {isa = PBXFileReference; lastKnownFileType = sourcecode.swift; path = GenesisKitOSXTests.swift; sourceTree = "<group>"; };
		962E12B519FC1AF200A1C594 /* Conversion.swift */ = {isa = PBXFileReference; fileEncoding = 4; lastKnownFileType = sourcecode.swift; path = Conversion.swift; sourceTree = "<group>"; };
		962E12B619FC1AF200A1C594 /* Diagnostics.swift */ = {isa = PBXFileReference; fileEncoding = 4; lastKnownFileType = sourcecode.swift; path = Diagnostics.swift; sourceTree = "<group>"; };
		962E12B819FC1AF200A1C594 /* NSDate+Extension.swift */ = {isa = PBXFileReference; fileEncoding = 4; lastKnownFileType = sourcecode.swift; path = "NSDate+Extension.swift"; sourceTree = "<group>"; };
		962E12B919FC1AF200A1C594 /* NSTimeInterval+Extension.swift */ = {isa = PBXFileReference; fileEncoding = 4; lastKnownFileType = sourcecode.swift; path = "NSTimeInterval+Extension.swift"; sourceTree = "<group>"; };
		962E12BA19FC1AF200A1C594 /* Generator.swift */ = {isa = PBXFileReference; fileEncoding = 4; lastKnownFileType = sourcecode.swift; path = Generator.swift; sourceTree = "<group>"; };
		962E12BC19FC1AF200A1C594 /* DefaultsManager.swift */ = {isa = PBXFileReference; fileEncoding = 4; lastKnownFileType = sourcecode.swift; path = DefaultsManager.swift; sourceTree = "<group>"; };
		962E12BD19FC1AF200A1C594 /* FontManager.swift */ = {isa = PBXFileReference; fileEncoding = 4; lastKnownFileType = sourcecode.swift; path = FontManager.swift; sourceTree = "<group>"; };
		962E12BE19FC1AF200A1C594 /* Memoization.swift */ = {isa = PBXFileReference; fileEncoding = 4; lastKnownFileType = sourcecode.swift; path = Memoization.swift; sourceTree = "<group>"; };
		962E12BF19FC1AF200A1C594 /* Stack.swift */ = {isa = PBXFileReference; fileEncoding = 4; lastKnownFileType = sourcecode.swift; path = Stack.swift; sourceTree = "<group>"; };
		962E12C219FC1AF200A1C594 /* NetworkActivityController.swift */ = {isa = PBXFileReference; fileEncoding = 4; lastKnownFileType = sourcecode.swift; path = NetworkActivityController.swift; sourceTree = "<group>"; };
		962E12C419FC1AF200A1C594 /* ValidatorProtocol.swift */ = {isa = PBXFileReference; fileEncoding = 4; lastKnownFileType = sourcecode.swift; path = ValidatorProtocol.swift; sourceTree = "<group>"; };
		962E12C619FC1AF200A1C594 /* emailValidator.swift */ = {isa = PBXFileReference; fileEncoding = 4; lastKnownFileType = sourcecode.swift; path = emailValidator.swift; sourceTree = "<group>"; };
		962E131A19FC54E000A1C594 /* LICENSE */ = {isa = PBXFileReference; lastKnownFileType = text; path = LICENSE; sourceTree = "<group>"; };
		962E131B19FC54E600A1C594 /* README.md */ = {isa = PBXFileReference; lastKnownFileType = net.daringfireball.markdown; path = README.md; sourceTree = "<group>"; };
		962E132F19FC689E00A1C594 /* GenesisKitIOS.framework */ = {isa = PBXFileReference; explicitFileType = wrapper.framework; includeInIndex = 0; path = GenesisKitIOS.framework; sourceTree = BUILT_PRODUCTS_DIR; };
		962E133219FC689E00A1C594 /* Info.plist */ = {isa = PBXFileReference; lastKnownFileType = text.plist.xml; path = Info.plist; sourceTree = "<group>"; };
		962E133319FC689E00A1C594 /* GenesisKitIOS.h */ = {isa = PBXFileReference; lastKnownFileType = sourcecode.c.h; path = GenesisKitIOS.h; sourceTree = "<group>"; };
		962E133919FC689F00A1C594 /* GenesisKitIOSTests.xctest */ = {isa = PBXFileReference; explicitFileType = wrapper.cfbundle; includeInIndex = 0; path = GenesisKitIOSTests.xctest; sourceTree = BUILT_PRODUCTS_DIR; };
		962E133F19FC689F00A1C594 /* Info.plist */ = {isa = PBXFileReference; lastKnownFileType = text.plist.xml; path = Info.plist; sourceTree = "<group>"; };
		962E134019FC689F00A1C594 /* GenesisKitIOSTests.swift */ = {isa = PBXFileReference; lastKnownFileType = sourcecode.swift; path = GenesisKitIOSTests.swift; sourceTree = "<group>"; };
		962F7E0F1A040DF100A7BC6F /* GKColor+SportsNFL.swift */ = {isa = PBXFileReference; fileEncoding = 4; lastKnownFileType = sourcecode.swift; path = "GKColor+SportsNFL.swift"; sourceTree = "<group>"; };
		965E1FD11A1BF1DA008E5E62 /* DirectoryManager.swift */ = {isa = PBXFileReference; fileEncoding = 4; lastKnownFileType = sourcecode.swift; path = DirectoryManager.swift; sourceTree = "<group>"; };
		965E1FD41A1BFD23008E5E62 /* DirectoryManagerTest.swift */ = {isa = PBXFileReference; fileEncoding = 4; lastKnownFileType = sourcecode.swift; path = DirectoryManagerTest.swift; sourceTree = "<group>"; };
		96640EFB1A6B129C00DD20D9 /* NetworkInfo.swift */ = {isa = PBXFileReference; fileEncoding = 4; lastKnownFileType = sourcecode.swift; path = NetworkInfo.swift; sourceTree = "<group>"; };
		9674C0421AA2A5D200D5AF6F /* Array+Extension.swift */ = {isa = PBXFileReference; fileEncoding = 4; lastKnownFileType = sourcecode.swift; path = "Array+Extension.swift"; sourceTree = "<group>"; };
		9674C0451AA2A66600D5AF6F /* NSMutableData+Extension.swift */ = {isa = PBXFileReference; fileEncoding = 4; lastKnownFileType = sourcecode.swift; path = "NSMutableData+Extension.swift"; sourceTree = "<group>"; };
		9674C0481AA2A70400D5AF6F /* Numbers+Extensions.swift */ = {isa = PBXFileReference; fileEncoding = 4; lastKnownFileType = sourcecode.swift; path = "Numbers+Extensions.swift"; sourceTree = "<group>"; };
		9682323A1A0EE44C00C1149F /* UIImage+Extension.swift */ = {isa = PBXFileReference; fileEncoding = 4; lastKnownFileType = sourcecode.swift; path = "UIImage+Extension.swift"; sourceTree = "<group>"; };
		9698238719FD582D00E6E226 /* Error.swift */ = {isa = PBXFileReference; fileEncoding = 4; lastKnownFileType = sourcecode.swift; path = Error.swift; sourceTree = "<group>"; };
		9698239D19FD60F000E6E226 /* PlayGroundIOS.playground */ = {isa = PBXFileReference; lastKnownFileType = file.playground; path = PlayGroundIOS.playground; sourceTree = "<group>"; };
		9698239E19FD6CD200E6E226 /* Reachability+Internal.swift */ = {isa = PBXFileReference; fileEncoding = 4; lastKnownFileType = sourcecode.swift; path = "Reachability+Internal.swift"; sourceTree = "<group>"; };
		969823B319FDAE7800E6E226 /* CountryFlag.swift */ = {isa = PBXFileReference; fileEncoding = 4; lastKnownFileType = sourcecode.swift; path = CountryFlag.swift; sourceTree = "<group>"; };
		969823B619FDB67A00E6E226 /* NSBundle+Framework.swift */ = {isa = PBXFileReference; fileEncoding = 4; lastKnownFileType = sourcecode.swift; path = "NSBundle+Framework.swift"; sourceTree = "<group>"; };
		969823BE19FEF9D200E6E226 /* flags-iso */ = {isa = PBXFileReference; lastKnownFileType = folder; name = "flags-iso"; path = "BundleFiles/flags-iso"; sourceTree = "<group>"; };
		969823C31A00300900E6E226 /* GKImage.swift */ = {isa = PBXFileReference; fileEncoding = 4; lastKnownFileType = sourcecode.swift; path = GKImage.swift; sourceTree = "<group>"; };
		969823C61A00304800E6E226 /* GKFont.swift */ = {isa = PBXFileReference; fileEncoding = 4; lastKnownFileType = sourcecode.swift; path = GKFont.swift; sourceTree = "<group>"; };
		969823C91A0030FC00E6E226 /* GKColor.swift */ = {isa = PBXFileReference; fileEncoding = 4; lastKnownFileType = sourcecode.swift; path = GKColor.swift; sourceTree = "<group>"; };
		969823CD1A012F3F00E6E226 /* GKColor+Extension.swift */ = {isa = PBXFileReference; fileEncoding = 4; lastKnownFileType = sourcecode.swift; path = "GKColor+Extension.swift"; sourceTree = "<group>"; };
		969823D11A01676700E6E226 /* GKColor+FlatColors.swift */ = {isa = PBXFileReference; fileEncoding = 4; lastKnownFileType = sourcecode.swift; path = "GKColor+FlatColors.swift"; sourceTree = "<group>"; };
		969823D41A01680B00E6E226 /* GKColor+CompanyColors.swift */ = {isa = PBXFileReference; fileEncoding = 4; lastKnownFileType = sourcecode.swift; path = "GKColor+CompanyColors.swift"; sourceTree = "<group>"; };
		96C324891A01A29600AC8498 /* GKColor+SportsNBA.swift */ = {isa = PBXFileReference; fileEncoding = 4; lastKnownFileType = sourcecode.swift; path = "GKColor+SportsNBA.swift"; sourceTree = "<group>"; };
		96D99B2D1A0C4D7300666BF8 /* GKColor+SportsNHL.swift */ = {isa = PBXFileReference; fileEncoding = 4; lastKnownFileType = sourcecode.swift; path = "GKColor+SportsNHL.swift"; sourceTree = "<group>"; };
		96D99B311A0E83DA00666BF8 /* AutoComplete.swift */ = {isa = PBXFileReference; fileEncoding = 4; lastKnownFileType = sourcecode.swift; path = AutoComplete.swift; sourceTree = "<group>"; };
/* End PBXFileReference section */

/* Begin PBXFrameworksBuildPhase section */
		962E122119FC195900A1C594 /* Frameworks */ = {
			isa = PBXFrameworksBuildPhase;
			buildActionMask = 2147483647;
			files = (
			);
			runOnlyForDeploymentPostprocessing = 0;
		};
		962E122C19FC195900A1C594 /* Frameworks */ = {
			isa = PBXFrameworksBuildPhase;
			buildActionMask = 2147483647;
			files = (
				96640EFA1A6B08DC00DD20D9 /* GenesisKitOSX.framework in Frameworks */,
			);
			runOnlyForDeploymentPostprocessing = 0;
		};
		962E132B19FC689E00A1C594 /* Frameworks */ = {
			isa = PBXFrameworksBuildPhase;
			buildActionMask = 2147483647;
			files = (
			);
			runOnlyForDeploymentPostprocessing = 0;
		};
		962E133619FC689F00A1C594 /* Frameworks */ = {
			isa = PBXFrameworksBuildPhase;
			buildActionMask = 2147483647;
			files = (
				962E133A19FC689F00A1C594 /* GenesisKitIOS.framework in Frameworks */,
			);
			runOnlyForDeploymentPostprocessing = 0;
		};
/* End PBXFrameworksBuildPhase section */

/* Begin PBXGroup section */
		962E11DC19FC18EF00A1C594 = {
			isa = PBXGroup;
			children = (
				9698239D19FD60F000E6E226 /* PlayGroundIOS.playground */,
				962E131B19FC54E600A1C594 /* README.md */,
				962E131A19FC54E000A1C594 /* LICENSE */,
				962E12B419FC1AF200A1C594 /* Shared */,
				962E122619FC195900A1C594 /* GenesisKitOSX */,
				962E123319FC195900A1C594 /* GenesisKitOSXTests */,
				962E133019FC689E00A1C594 /* GenesisKitIOS */,
				962E133D19FC689F00A1C594 /* GenesisKitIOSTests */,
				962E11E719FC18EF00A1C594 /* Products */,
			);
			sourceTree = "<group>";
		};
		962E11E719FC18EF00A1C594 /* Products */ = {
			isa = PBXGroup;
			children = (
				962E122519FC195900A1C594 /* GenesisKitOSX.framework */,
				962E122F19FC195900A1C594 /* GenesisKitOSXTests.xctest */,
				962E132F19FC689E00A1C594 /* GenesisKitIOS.framework */,
				962E133919FC689F00A1C594 /* GenesisKitIOSTests.xctest */,
			);
			name = Products;
			sourceTree = "<group>";
		};
		962E122619FC195900A1C594 /* GenesisKitOSX */ = {
			isa = PBXGroup;
			children = (
				962E122919FC195900A1C594 /* GenesisKitOSX.h */,
				962E122719FC195900A1C594 /* Supporting Files */,
			);
			path = GenesisKitOSX;
			sourceTree = "<group>";
		};
		962E122719FC195900A1C594 /* Supporting Files */ = {
			isa = PBXGroup;
			children = (
				962E122819FC195900A1C594 /* Info.plist */,
			);
			name = "Supporting Files";
			sourceTree = "<group>";
		};
		962E123319FC195900A1C594 /* GenesisKitOSXTests */ = {
			isa = PBXGroup;
			children = (
				962E123619FC195900A1C594 /* GenesisKitOSXTests.swift */,
				962E123419FC195900A1C594 /* Supporting Files */,
			);
			path = GenesisKitOSXTests;
			sourceTree = "<group>";
		};
		962E123419FC195900A1C594 /* Supporting Files */ = {
			isa = PBXGroup;
			children = (
				962E123519FC195900A1C594 /* Info.plist */,
			);
			name = "Supporting Files";
			sourceTree = "<group>";
		};
		962E12B419FC1AF200A1C594 /* Shared */ = {
			isa = PBXGroup;
			children = (
				969823C019FEF9E500E6E226 /* BundleFiles */,
				96D99B311A0E83DA00666BF8 /* AutoComplete.swift */,
				962E12B519FC1AF200A1C594 /* Conversion.swift */,
				962E12B619FC1AF200A1C594 /* Diagnostics.swift */,
				962E12BA19FC1AF200A1C594 /* Generator.swift */,
				962E12BE19FC1AF200A1C594 /* Memoization.swift */,
				96640EFB1A6B129C00DD20D9 /* NetworkInfo.swift */,
				962E12BF19FC1AF200A1C594 /* Stack.swift */,
				962E12B719FC1AF200A1C594 /* Extensions */,
				9698238619FD57F400E6E226 /* Internal */,
				962E12BB19FC1AF200A1C594 /* Managers */,
				962E12C019FC1AF200A1C594 /* UI */,
				962E12C319FC1AF200A1C594 /* Validation */,
			);
			path = Shared;
			sourceTree = "<group>";
		};
		962E12B719FC1AF200A1C594 /* Extensions */ = {
			isa = PBXGroup;
			children = (
				9674C0421AA2A5D200D5AF6F /* Array+Extension.swift */,
				969823CD1A012F3F00E6E226 /* GKColor+Extension.swift */,
				969823D01A01673A00E6E226 /* Color */,
				962E12B819FC1AF200A1C594 /* NSDate+Extension.swift */,
				96133F3D1A0EA7FE00CECF4D /* GKImage+Extension.swift */,
				962E12B919FC1AF200A1C594 /* NSTimeInterval+Extension.swift */,
				9674C0451AA2A66600D5AF6F /* NSMutableData+Extension.swift */,
				9674C0481AA2A70400D5AF6F /* Numbers+Extensions.swift */,
			);
			path = Extensions;
			sourceTree = "<group>";
		};
		962E12BB19FC1AF200A1C594 /* Managers */ = {
			isa = PBXGroup;
			children = (
				962E12BC19FC1AF200A1C594 /* DefaultsManager.swift */,
				965E1FD11A1BF1DA008E5E62 /* DirectoryManager.swift */,
				962E12BD19FC1AF200A1C594 /* FontManager.swift */,
			);
			path = Managers;
			sourceTree = "<group>";
		};
		962E12C019FC1AF200A1C594 /* UI */ = {
			isa = PBXGroup;
			children = (
				969823C91A0030FC00E6E226 /* GKColor.swift */,
				969823C61A00304800E6E226 /* GKFont.swift */,
				969823C31A00300900E6E226 /* GKImage.swift */,
				969823B319FDAE7800E6E226 /* CountryFlag.swift */,
				962E12C119FC1AF200A1C594 /* Controllers */,
			);
			path = UI;
			sourceTree = "<group>";
		};
		962E12C119FC1AF200A1C594 /* Controllers */ = {
			isa = PBXGroup;
			children = (
				962E12C219FC1AF200A1C594 /* NetworkActivityController.swift */,
			);
			path = Controllers;
			sourceTree = "<group>";
		};
		962E12C319FC1AF200A1C594 /* Validation */ = {
			isa = PBXGroup;
			children = (
				962E12C419FC1AF200A1C594 /* ValidatorProtocol.swift */,
				962E12C519FC1AF200A1C594 /* Validators */,
			);
			path = Validation;
			sourceTree = "<group>";
		};
		962E12C519FC1AF200A1C594 /* Validators */ = {
			isa = PBXGroup;
			children = (
				962E12C619FC1AF200A1C594 /* emailValidator.swift */,
			);
			path = Validators;
			sourceTree = "<group>";
		};
		962E133019FC689E00A1C594 /* GenesisKitIOS */ = {
			isa = PBXGroup;
			children = (
				962E133319FC689E00A1C594 /* GenesisKitIOS.h */,
				968232391A0EE40B00C1149F /* Extensions */,
				965E1FCF1A1BF021008E5E62 /* UI */,
				962E133119FC689E00A1C594 /* Supporting Files */,
			);
			path = GenesisKitIOS;
			sourceTree = "<group>";
		};
		962E133119FC689E00A1C594 /* Supporting Files */ = {
			isa = PBXGroup;
			children = (
				962E133219FC689E00A1C594 /* Info.plist */,
			);
			name = "Supporting Files";
			sourceTree = "<group>";
		};
		962E133D19FC689F00A1C594 /* GenesisKitIOSTests */ = {
			isa = PBXGroup;
			children = (
				962E134019FC689F00A1C594 /* GenesisKitIOSTests.swift */,
				965E1FD41A1BFD23008E5E62 /* DirectoryManagerTest.swift */,
				962A97511A0C26C500402071 /* StackTests.swift */,
				962E133E19FC689F00A1C594 /* Supporting Files */,
			);
			path = GenesisKitIOSTests;
			sourceTree = "<group>";
		};
		962E133E19FC689F00A1C594 /* Supporting Files */ = {
			isa = PBXGroup;
			children = (
				962E133F19FC689F00A1C594 /* Info.plist */,
			);
			name = "Supporting Files";
			sourceTree = "<group>";
		};
		965E1FCF1A1BF021008E5E62 /* UI */ = {
			isa = PBXGroup;
			children = (
				965E1FD01A1BF07F008E5E62 /* Map */,
			);
			path = UI;
			sourceTree = "<group>";
		};
		965E1FD01A1BF07F008E5E62 /* Map */ = {
			isa = PBXGroup;
			children = (
			);
			path = Map;
			sourceTree = "<group>";
		};
		968232391A0EE40B00C1149F /* Extensions */ = {
			isa = PBXGroup;
			children = (
				9682323A1A0EE44C00C1149F /* UIImage+Extension.swift */,
				96034EF91A0FF8FC00289C55 /* UIView+Extension.swift */,
			);
			path = Extensions;
			sourceTree = "<group>";
		};
		9698238619FD57F400E6E226 /* Internal */ = {
			isa = PBXGroup;
			children = (
				9698238719FD582D00E6E226 /* Error.swift */,
				969823B619FDB67A00E6E226 /* NSBundle+Framework.swift */,
				9698239E19FD6CD200E6E226 /* Reachability+Internal.swift */,
			);
			path = Internal;
			sourceTree = "<group>";
		};
		969823C019FEF9E500E6E226 /* BundleFiles */ = {
			isa = PBXGroup;
			children = (
				969823BE19FEF9D200E6E226 /* flags-iso */,
			);
			name = BundleFiles;
			path = ..;
			sourceTree = "<group>";
		};
		969823D01A01673A00E6E226 /* Color */ = {
			isa = PBXGroup;
			children = (
				969823D41A01680B00E6E226 /* GKColor+CompanyColors.swift */,
				969823D11A01676700E6E226 /* GKColor+FlatColors.swift */,
				96C324891A01A29600AC8498 /* GKColor+SportsNBA.swift */,
				962F7E0F1A040DF100A7BC6F /* GKColor+SportsNFL.swift */,
				96D99B2D1A0C4D7300666BF8 /* GKColor+SportsNHL.swift */,
			);
			path = Color;
			sourceTree = "<group>";
		};
/* End PBXGroup section */

/* Begin PBXHeadersBuildPhase section */
		962E122219FC195900A1C594 /* Headers */ = {
			isa = PBXHeadersBuildPhase;
			buildActionMask = 2147483647;
			files = (
				962E122A19FC195900A1C594 /* GenesisKitOSX.h in Headers */,
			);
			runOnlyForDeploymentPostprocessing = 0;
		};
		962E132C19FC689E00A1C594 /* Headers */ = {
			isa = PBXHeadersBuildPhase;
			buildActionMask = 2147483647;
			files = (
				962E133419FC689E00A1C594 /* GenesisKitIOS.h in Headers */,
			);
			runOnlyForDeploymentPostprocessing = 0;
		};
/* End PBXHeadersBuildPhase section */

/* Begin PBXNativeTarget section */
		962E122419FC195900A1C594 /* GenesisKitOSX */ = {
			isa = PBXNativeTarget;
			buildConfigurationList = 962E123819FC195900A1C594 /* Build configuration list for PBXNativeTarget "GenesisKitOSX" */;
			buildPhases = (
				962E122019FC195900A1C594 /* Sources */,
				962E122119FC195900A1C594 /* Frameworks */,
				962E122219FC195900A1C594 /* Headers */,
				962E122319FC195900A1C594 /* Resources */,
			);
			buildRules = (
			);
			dependencies = (
			);
			name = GenesisKitOSX;
			productName = GenesisKitOSX;
			productReference = 962E122519FC195900A1C594 /* GenesisKitOSX.framework */;
			productType = "com.apple.product-type.framework";
		};
		962E122E19FC195900A1C594 /* GenesisKitOSXTests */ = {
			isa = PBXNativeTarget;
			buildConfigurationList = 962E123B19FC195900A1C594 /* Build configuration list for PBXNativeTarget "GenesisKitOSXTests" */;
			buildPhases = (
				962E122B19FC195900A1C594 /* Sources */,
				962E122C19FC195900A1C594 /* Frameworks */,
				962E122D19FC195900A1C594 /* Resources */,
			);
			buildRules = (
			);
			dependencies = (
				962E123219FC195900A1C594 /* PBXTargetDependency */,
			);
			name = GenesisKitOSXTests;
			productName = GenesisKitOSXTests;
			productReference = 962E122F19FC195900A1C594 /* GenesisKitOSXTests.xctest */;
			productType = "com.apple.product-type.bundle.unit-test";
		};
		962E132E19FC689E00A1C594 /* GenesisKitIOS */ = {
			isa = PBXNativeTarget;
			buildConfigurationList = 962E134219FC689F00A1C594 /* Build configuration list for PBXNativeTarget "GenesisKitIOS" */;
			buildPhases = (
				962E132A19FC689E00A1C594 /* Sources */,
				962E132B19FC689E00A1C594 /* Frameworks */,
				962E132C19FC689E00A1C594 /* Headers */,
				962E132D19FC689E00A1C594 /* Resources */,
			);
			buildRules = (
			);
			dependencies = (
			);
			name = GenesisKitIOS;
			productName = GenesisKitIOS;
			productReference = 962E132F19FC689E00A1C594 /* GenesisKitIOS.framework */;
			productType = "com.apple.product-type.framework";
		};
		962E133819FC689F00A1C594 /* GenesisKitIOSTests */ = {
			isa = PBXNativeTarget;
			buildConfigurationList = 962E134519FC689F00A1C594 /* Build configuration list for PBXNativeTarget "GenesisKitIOSTests" */;
			buildPhases = (
				962E133519FC689F00A1C594 /* Sources */,
				962E133619FC689F00A1C594 /* Frameworks */,
				962E133719FC689F00A1C594 /* Resources */,
			);
			buildRules = (
			);
			dependencies = (
				962E133C19FC689F00A1C594 /* PBXTargetDependency */,
			);
			name = GenesisKitIOSTests;
			productName = GenesisKitIOSTests;
			productReference = 962E133919FC689F00A1C594 /* GenesisKitIOSTests.xctest */;
			productType = "com.apple.product-type.bundle.unit-test";
		};
/* End PBXNativeTarget section */

/* Begin PBXProject section */
		962E11DD19FC18EF00A1C594 /* Project object */ = {
			isa = PBXProject;
			attributes = {
				LastUpgradeCheck = 0610;
				ORGANIZATIONNAME = "Kevin A. Hoogheem";
				TargetAttributes = {
					962E122419FC195900A1C594 = {
						CreatedOnToolsVersion = 6.1;
					};
					962E122E19FC195900A1C594 = {
						CreatedOnToolsVersion = 6.1;
					};
					962E132E19FC689E00A1C594 = {
						CreatedOnToolsVersion = 6.1;
					};
					962E133819FC689F00A1C594 = {
						CreatedOnToolsVersion = 6.1;
					};
				};
			};
			buildConfigurationList = 962E11E019FC18EF00A1C594 /* Build configuration list for PBXProject "GenesisKit" */;
			compatibilityVersion = "Xcode 3.2";
			developmentRegion = English;
			hasScannedForEncodings = 0;
			knownRegions = (
				en,
			);
			mainGroup = 962E11DC19FC18EF00A1C594;
			productRefGroup = 962E11E719FC18EF00A1C594 /* Products */;
			projectDirPath = "";
			projectRoot = "";
			targets = (
				962E132E19FC689E00A1C594 /* GenesisKitIOS */,
				962E133819FC689F00A1C594 /* GenesisKitIOSTests */,
				962E122419FC195900A1C594 /* GenesisKitOSX */,
				962E122E19FC195900A1C594 /* GenesisKitOSXTests */,
			);
		};
/* End PBXProject section */

/* Begin PBXResourcesBuildPhase section */
		962E122319FC195900A1C594 /* Resources */ = {
			isa = PBXResourcesBuildPhase;
			buildActionMask = 2147483647;
			files = (
			);
			runOnlyForDeploymentPostprocessing = 0;
		};
		962E122D19FC195900A1C594 /* Resources */ = {
			isa = PBXResourcesBuildPhase;
			buildActionMask = 2147483647;
			files = (
			);
			runOnlyForDeploymentPostprocessing = 0;
		};
		962E132D19FC689E00A1C594 /* Resources */ = {
			isa = PBXResourcesBuildPhase;
			buildActionMask = 2147483647;
			files = (
				969823C119FEFA0800E6E226 /* flags-iso in Resources */,
			);
			runOnlyForDeploymentPostprocessing = 0;
		};
		962E133719FC689F00A1C594 /* Resources */ = {
			isa = PBXResourcesBuildPhase;
			buildActionMask = 2147483647;
			files = (
			);
			runOnlyForDeploymentPostprocessing = 0;
		};
/* End PBXResourcesBuildPhase section */

/* Begin PBXSourcesBuildPhase section */
		962E122019FC195900A1C594 /* Sources */ = {
			isa = PBXSourcesBuildPhase;
			buildActionMask = 2147483647;
			files = (
				962E12DC19FC1AF200A1C594 /* ValidatorProtocol.swift in Sources */,
				96D99B2F1A0C4D7300666BF8 /* GKColor+SportsNHL.swift in Sources */,
				962F7E111A040DF100A7BC6F /* GKColor+SportsNFL.swift in Sources */,
				962E12DE19FC1AF200A1C594 /* emailValidator.swift in Sources */,
				969823C81A00304800E6E226 /* GKFont.swift in Sources */,
				965E1FD31A1BF1DA008E5E62 /* DirectoryManager.swift in Sources */,
				962E12D619FC1AF200A1C594 /* Memoization.swift in Sources */,
				9698238919FD582D00E6E226 /* Error.swift in Sources */,
				962E12DA19FC1AF200A1C594 /* NetworkActivityController.swift in Sources */,
				962E12D819FC1AF200A1C594 /* Stack.swift in Sources */,
				9674C04A1AA2A70400D5AF6F /* Numbers+Extensions.swift in Sources */,
				962E12CC19FC1AF200A1C594 /* NSDate+Extension.swift in Sources */,
				969823B819FDB67A00E6E226 /* NSBundle+Framework.swift in Sources */,
				9674C0471AA2A66600D5AF6F /* NSMutableData+Extension.swift in Sources */,
				969823B519FDAE7800E6E226 /* CountryFlag.swift in Sources */,
				962E12D219FC1AF200A1C594 /* DefaultsManager.swift in Sources */,
				962E12D419FC1AF200A1C594 /* FontManager.swift in Sources */,
				969823C51A00300900E6E226 /* GKImage.swift in Sources */,
				96133F3F1A0EA7FE00CECF4D /* GKImage+Extension.swift in Sources */,
				969823D31A01676700E6E226 /* GKColor+FlatColors.swift in Sources */,
				969823CB1A0030FC00E6E226 /* GKColor.swift in Sources */,
				969823D61A01680B00E6E226 /* GKColor+CompanyColors.swift in Sources */,
				962E12CA19FC1AF200A1C594 /* Diagnostics.swift in Sources */,
				9674C0441AA2A5D200D5AF6F /* Array+Extension.swift in Sources */,
				96D99B331A0E83DB00666BF8 /* AutoComplete.swift in Sources */,
				96C3248B1A01A29600AC8498 /* GKColor+SportsNBA.swift in Sources */,
				96640EFD1A6B129C00DD20D9 /* NetworkInfo.swift in Sources */,
				969823CF1A012F3F00E6E226 /* GKColor+Extension.swift in Sources */,
				962E12CE19FC1AF200A1C594 /* NSTimeInterval+Extension.swift in Sources */,
				969823A419FD6ECF00E6E226 /* Reachability+Internal.swift in Sources */,
				962E12C819FC1AF200A1C594 /* Conversion.swift in Sources */,
				962E12D019FC1AF200A1C594 /* Generator.swift in Sources */,
			);
			runOnlyForDeploymentPostprocessing = 0;
		};
		962E122B19FC195900A1C594 /* Sources */ = {
			isa = PBXSourcesBuildPhase;
			buildActionMask = 2147483647;
			files = (
				962E123719FC195900A1C594 /* GenesisKitOSXTests.swift in Sources */,
			);
			runOnlyForDeploymentPostprocessing = 0;
		};
		962E132A19FC689E00A1C594 /* Sources */ = {
			isa = PBXSourcesBuildPhase;
			buildActionMask = 2147483647;
			files = (
				9698239A19FD5FD900E6E226 /* Memoization.swift in Sources */,
				96034EFA1A0FF8FC00289C55 /* UIView+Extension.swift in Sources */,
				96D99B2E1A0C4D7300666BF8 /* GKColor+SportsNHL.swift in Sources */,
				965E1FD21A1BF1DA008E5E62 /* DirectoryManager.swift in Sources */,
				962F7E101A040DF100A7BC6F /* GKColor+SportsNFL.swift in Sources */,
				9698239B19FD5FD900E6E226 /* Stack.swift in Sources */,
				969823C71A00304800E6E226 /* GKFont.swift in Sources */,
				9698238819FD582D00E6E226 /* Error.swift in Sources */,
				9698239219FD5FCA00E6E226 /* NetworkActivityController.swift in Sources */,
				9698239319FD5FCE00E6E226 /* DefaultsManager.swift in Sources */,
				9698239719FD5FD900E6E226 /* Conversion.swift in Sources */,
				9698239019FD5FC200E6E226 /* emailValidator.swift in Sources */,
				969823B719FDB67A00E6E226 /* NSBundle+Framework.swift in Sources */,
				969823B419FDAE7800E6E226 /* CountryFlag.swift in Sources */,
				9698239419FD5FCE00E6E226 /* FontManager.swift in Sources */,
				9698239919FD5FD900E6E226 /* Generator.swift in Sources */,
				969823C41A00300900E6E226 /* GKImage.swift in Sources */,
				9682323B1A0EE44C00C1149F /* UIImage+Extension.swift in Sources */,
				9674C0461AA2A66600D5AF6F /* NSMutableData+Extension.swift in Sources */,
				96133F3E1A0EA7FE00CECF4D /* GKImage+Extension.swift in Sources */,
				96640EFC1A6B129C00DD20D9 /* NetworkInfo.swift in Sources */,
				969823D21A01676700E6E226 /* GKColor+FlatColors.swift in Sources */,
				969823CA1A0030FC00E6E226 /* GKColor.swift in Sources */,
				969823D51A01680B00E6E226 /* GKColor+CompanyColors.swift in Sources */,
				9674C0431AA2A5D200D5AF6F /* Array+Extension.swift in Sources */,
				9698239119FD5FC700E6E226 /* ValidatorProtocol.swift in Sources */,
				96D99B321A0E83DB00666BF8 /* AutoComplete.swift in Sources */,
				96C3248A1A01A29600AC8498 /* GKColor+SportsNBA.swift in Sources */,
				969823CE1A012F3F00E6E226 /* GKColor+Extension.swift in Sources */,
				9698239619FD5FD400E6E226 /* NSTimeInterval+Extension.swift in Sources */,
				9698239F19FD6CD200E6E226 /* Reachability+Internal.swift in Sources */,
				9698239819FD5FD900E6E226 /* Diagnostics.swift in Sources */,
				9674C0491AA2A70400D5AF6F /* Numbers+Extensions.swift in Sources */,
				9698239519FD5FD400E6E226 /* NSDate+Extension.swift in Sources */,
			);
			runOnlyForDeploymentPostprocessing = 0;
		};
		962E133519FC689F00A1C594 /* Sources */ = {
			isa = PBXSourcesBuildPhase;
			buildActionMask = 2147483647;
			files = (
				965E1FD51A1BFD23008E5E62 /* DirectoryManagerTest.swift in Sources */,
				962A97521A0C26C500402071 /* StackTests.swift in Sources */,
				962E134119FC689F00A1C594 /* GenesisKitIOSTests.swift in Sources */,
			);
			runOnlyForDeploymentPostprocessing = 0;
		};
/* End PBXSourcesBuildPhase section */

/* Begin PBXTargetDependency section */
		962E123219FC195900A1C594 /* PBXTargetDependency */ = {
			isa = PBXTargetDependency;
			target = 962E122419FC195900A1C594 /* GenesisKitOSX */;
			targetProxy = 962E123119FC195900A1C594 /* PBXContainerItemProxy */;
		};
		962E133C19FC689F00A1C594 /* PBXTargetDependency */ = {
			isa = PBXTargetDependency;
			target = 962E132E19FC689E00A1C594 /* GenesisKitIOS */;
			targetProxy = 962E133B19FC689F00A1C594 /* PBXContainerItemProxy */;
		};
/* End PBXTargetDependency section */

/* Begin XCBuildConfiguration section */
		962E11FA19FC18EF00A1C594 /* Debug */ = {
			isa = XCBuildConfiguration;
			buildSettings = {
				ALWAYS_SEARCH_USER_PATHS = NO;
				CLANG_CXX_LANGUAGE_STANDARD = "gnu++0x";
				CLANG_CXX_LIBRARY = "libc++";
				CLANG_ENABLE_MODULES = YES;
				CLANG_ENABLE_OBJC_ARC = YES;
				CLANG_WARN_BOOL_CONVERSION = YES;
				CLANG_WARN_CONSTANT_CONVERSION = YES;
				CLANG_WARN_DIRECT_OBJC_ISA_USAGE = YES_ERROR;
				CLANG_WARN_EMPTY_BODY = YES;
				CLANG_WARN_ENUM_CONVERSION = YES;
				CLANG_WARN_INT_CONVERSION = YES;
				CLANG_WARN_OBJC_ROOT_CLASS = YES_ERROR;
				CLANG_WARN_UNREACHABLE_CODE = YES;
				CLANG_WARN__DUPLICATE_METHOD_MATCH = YES;
				"CODE_SIGN_IDENTITY[sdk=iphoneos*]" = "iPhone Developer";
				COPY_PHASE_STRIP = NO;
				CURRENT_PROJECT_VERSION = 1;
				ENABLE_STRICT_OBJC_MSGSEND = YES;
				GCC_C_LANGUAGE_STANDARD = gnu99;
				GCC_DYNAMIC_NO_PIC = NO;
				GCC_OPTIMIZATION_LEVEL = 0;
				GCC_PREPROCESSOR_DEFINITIONS = (
					"DEBUG=1",
					"$(inherited)",
				);
				GCC_SYMBOLS_PRIVATE_EXTERN = NO;
				GCC_WARN_64_TO_32_BIT_CONVERSION = YES;
				GCC_WARN_ABOUT_RETURN_TYPE = YES_ERROR;
				GCC_WARN_UNDECLARED_SELECTOR = YES;
				GCC_WARN_UNINITIALIZED_AUTOS = YES_AGGRESSIVE;
				GCC_WARN_UNUSED_FUNCTION = YES;
				GCC_WARN_UNUSED_VARIABLE = YES;
				IPHONEOS_DEPLOYMENT_TARGET = 8.0;
				MACOSX_DEPLOYMENT_TARGET = 10.9;
				MTL_ENABLE_DEBUG_INFO = YES;
				ONLY_ACTIVE_ARCH = YES;
				PRODUCT_MODULE_NAME = "$(PRODUCT_NAME:c99extidentifier)";
				SDKROOT = iphoneos;
				SWIFT_OPTIMIZATION_LEVEL = "-Onone";
				TARGETED_DEVICE_FAMILY = "1,2";
				VERSIONING_SYSTEM = "apple-generic";
				VERSION_INFO_PREFIX = "";
			};
			name = Debug;
		};
		962E11FB19FC18EF00A1C594 /* Release */ = {
			isa = XCBuildConfiguration;
			buildSettings = {
				ALWAYS_SEARCH_USER_PATHS = NO;
				CLANG_CXX_LANGUAGE_STANDARD = "gnu++0x";
				CLANG_CXX_LIBRARY = "libc++";
				CLANG_ENABLE_MODULES = YES;
				CLANG_ENABLE_OBJC_ARC = YES;
				CLANG_WARN_BOOL_CONVERSION = YES;
				CLANG_WARN_CONSTANT_CONVERSION = YES;
				CLANG_WARN_DIRECT_OBJC_ISA_USAGE = YES_ERROR;
				CLANG_WARN_EMPTY_BODY = YES;
				CLANG_WARN_ENUM_CONVERSION = YES;
				CLANG_WARN_INT_CONVERSION = YES;
				CLANG_WARN_OBJC_ROOT_CLASS = YES_ERROR;
				CLANG_WARN_UNREACHABLE_CODE = YES;
				CLANG_WARN__DUPLICATE_METHOD_MATCH = YES;
				"CODE_SIGN_IDENTITY[sdk=iphoneos*]" = "iPhone Developer";
				COPY_PHASE_STRIP = YES;
				CURRENT_PROJECT_VERSION = 1;
				ENABLE_NS_ASSERTIONS = NO;
				ENABLE_STRICT_OBJC_MSGSEND = YES;
				GCC_C_LANGUAGE_STANDARD = gnu99;
				GCC_WARN_64_TO_32_BIT_CONVERSION = YES;
				GCC_WARN_ABOUT_RETURN_TYPE = YES_ERROR;
				GCC_WARN_UNDECLARED_SELECTOR = YES;
				GCC_WARN_UNINITIALIZED_AUTOS = YES_AGGRESSIVE;
				GCC_WARN_UNUSED_FUNCTION = YES;
				GCC_WARN_UNUSED_VARIABLE = YES;
				IPHONEOS_DEPLOYMENT_TARGET = 8.0;
				MACOSX_DEPLOYMENT_TARGET = 10.9;
				MTL_ENABLE_DEBUG_INFO = NO;
				PRODUCT_MODULE_NAME = "$(PRODUCT_NAME:c99extidentifier)";
				SDKROOT = iphoneos;
				TARGETED_DEVICE_FAMILY = "1,2";
				VALIDATE_PRODUCT = YES;
				VERSIONING_SYSTEM = "apple-generic";
				VERSION_INFO_PREFIX = "";
			};
			name = Release;
		};
		962E123919FC195900A1C594 /* Debug */ = {
			isa = XCBuildConfiguration;
			buildSettings = {
				COMBINE_HIDPI_IMAGES = YES;
				DEFINES_MODULE = YES;
				DYLIB_COMPATIBILITY_VERSION = 1;
				DYLIB_CURRENT_VERSION = 1;
				DYLIB_INSTALL_NAME_BASE = "@rpath";
				FRAMEWORK_VERSION = A;
				GCC_PREPROCESSOR_DEFINITIONS = (
					"DEBUG=1",
					"$(inherited)",
				);
				INFOPLIST_FILE = GenesisKitOSX/Info.plist;
				INSTALL_PATH = "$(LOCAL_LIBRARY_DIR)/Frameworks";
				LD_RUNPATH_SEARCH_PATHS = "$(inherited) @executable_path/../Frameworks @loader_path/Frameworks";
				MACOSX_DEPLOYMENT_TARGET = 10.9;
				PRODUCT_MODULE_NAME = "$(PRODUCT_NAME:c99extidentifier)";
				PRODUCT_NAME = "$(TARGET_NAME)";
				SDKROOT = macosx;
				SKIP_INSTALL = YES;
			};
			name = Debug;
		};
		962E123A19FC195900A1C594 /* Release */ = {
			isa = XCBuildConfiguration;
			buildSettings = {
				COMBINE_HIDPI_IMAGES = YES;
				DEBUG_INFORMATION_FORMAT = "dwarf-with-dsym";
				DEFINES_MODULE = YES;
				DYLIB_COMPATIBILITY_VERSION = 1;
				DYLIB_CURRENT_VERSION = 1;
				DYLIB_INSTALL_NAME_BASE = "@rpath";
				FRAMEWORK_VERSION = A;
				INFOPLIST_FILE = GenesisKitOSX/Info.plist;
				INSTALL_PATH = "$(LOCAL_LIBRARY_DIR)/Frameworks";
				LD_RUNPATH_SEARCH_PATHS = "$(inherited) @executable_path/../Frameworks @loader_path/Frameworks";
				MACOSX_DEPLOYMENT_TARGET = 10.9;
				PRODUCT_MODULE_NAME = "$(PRODUCT_NAME:c99extidentifier)";
				PRODUCT_NAME = "$(TARGET_NAME)";
				SDKROOT = macosx;
				SKIP_INSTALL = YES;
			};
			name = Release;
		};
		962E123C19FC195900A1C594 /* Debug */ = {
			isa = XCBuildConfiguration;
			buildSettings = {
				COMBINE_HIDPI_IMAGES = YES;
				FRAMEWORK_SEARCH_PATHS = (
					"$(DEVELOPER_FRAMEWORKS_DIR)",
					"$(inherited)",
				);
				GCC_PREPROCESSOR_DEFINITIONS = (
					"DEBUG=1",
					"$(inherited)",
				);
				INFOPLIST_FILE = GenesisKitOSXTests/Info.plist;
				LD_RUNPATH_SEARCH_PATHS = "$(inherited) @executable_path/../Frameworks @loader_path/../Frameworks";
				MACOSX_DEPLOYMENT_TARGET = 10.9;
				PRODUCT_NAME = "$(TARGET_NAME)";
				SDKROOT = macosx;
			};
			name = Debug;
		};
		962E123D19FC195900A1C594 /* Release */ = {
			isa = XCBuildConfiguration;
			buildSettings = {
				COMBINE_HIDPI_IMAGES = YES;
				DEBUG_INFORMATION_FORMAT = "dwarf-with-dsym";
				FRAMEWORK_SEARCH_PATHS = (
					"$(DEVELOPER_FRAMEWORKS_DIR)",
					"$(inherited)",
				);
				INFOPLIST_FILE = GenesisKitOSXTests/Info.plist;
				LD_RUNPATH_SEARCH_PATHS = "$(inherited) @executable_path/../Frameworks @loader_path/../Frameworks";
				MACOSX_DEPLOYMENT_TARGET = 10.9;
				PRODUCT_NAME = "$(TARGET_NAME)";
				SDKROOT = macosx;
			};
			name = Release;
		};
		962E134319FC689F00A1C594 /* Debug */ = {
			isa = XCBuildConfiguration;
			buildSettings = {
				CLANG_ENABLE_MODULES = YES;
				DEFINES_MODULE = YES;
				DYLIB_COMPATIBILITY_VERSION = 1;
				DYLIB_CURRENT_VERSION = 1;
				DYLIB_INSTALL_NAME_BASE = "@rpath";
				GCC_PREPROCESSOR_DEFINITIONS = (
					"DEBUG=1",
					"$(inherited)",
				);
				INFOPLIST_FILE = GenesisKitIOS/Info.plist;
				INSTALL_PATH = "$(LOCAL_LIBRARY_DIR)/Frameworks";
				LD_RUNPATH_SEARCH_PATHS = "$(inherited) @executable_path/Frameworks @loader_path/Frameworks";
				PRODUCT_NAME = "$(TARGET_NAME)";
				SKIP_INSTALL = YES;
				SWIFT_OPTIMIZATION_LEVEL = "-Onone";
			};
			name = Debug;
		};
		962E134419FC689F00A1C594 /* Release */ = {
			isa = XCBuildConfiguration;
			buildSettings = {
				CLANG_ENABLE_MODULES = YES;
				DEFINES_MODULE = YES;
				DYLIB_COMPATIBILITY_VERSION = 1;
				DYLIB_CURRENT_VERSION = 1;
				DYLIB_INSTALL_NAME_BASE = "@rpath";
				INFOPLIST_FILE = GenesisKitIOS/Info.plist;
				INSTALL_PATH = "$(LOCAL_LIBRARY_DIR)/Frameworks";
				LD_RUNPATH_SEARCH_PATHS = "$(inherited) @executable_path/Frameworks @loader_path/Frameworks";
				PRODUCT_NAME = "$(TARGET_NAME)";
				SKIP_INSTALL = YES;
			};
			name = Release;
		};
		962E134619FC689F00A1C594 /* Debug */ = {
			isa = XCBuildConfiguration;
			buildSettings = {
				FRAMEWORK_SEARCH_PATHS = (
					"$(SDKROOT)/Developer/Library/Frameworks",
					"$(inherited)",
				);
				GCC_PREPROCESSOR_DEFINITIONS = (
					"DEBUG=1",
					"$(inherited)",
				);
				INFOPLIST_FILE = GenesisKitIOSTests/Info.plist;
				LD_RUNPATH_SEARCH_PATHS = "$(inherited) @executable_path/Frameworks @loader_path/Frameworks";
				PRODUCT_NAME = "$(TARGET_NAME)";
			};
			name = Debug;
		};
		962E134719FC689F00A1C594 /* Release */ = {
			isa = XCBuildConfiguration;
			buildSettings = {
				FRAMEWORK_SEARCH_PATHS = (
					"$(SDKROOT)/Developer/Library/Frameworks",
					"$(inherited)",
				);
				INFOPLIST_FILE = GenesisKitIOSTests/Info.plist;
				LD_RUNPATH_SEARCH_PATHS = "$(inherited) @executable_path/Frameworks @loader_path/Frameworks";
				PRODUCT_NAME = "$(TARGET_NAME)";
			};
			name = Release;
		};
/* End XCBuildConfiguration section */

/* Begin XCConfigurationList section */
		962E11E019FC18EF00A1C594 /* Build configuration list for PBXProject "GenesisKit" */ = {
			isa = XCConfigurationList;
			buildConfigurations = (
				962E11FA19FC18EF00A1C594 /* Debug */,
				962E11FB19FC18EF00A1C594 /* Release */,
			);
			defaultConfigurationIsVisible = 0;
			defaultConfigurationName = Release;
		};
		962E123819FC195900A1C594 /* Build configuration list for PBXNativeTarget "GenesisKitOSX" */ = {
			isa = XCConfigurationList;
			buildConfigurations = (
				962E123919FC195900A1C594 /* Debug */,
				962E123A19FC195900A1C594 /* Release */,
			);
			defaultConfigurationIsVisible = 0;
			defaultConfigurationName = Release;
		};
		962E123B19FC195900A1C594 /* Build configuration list for PBXNativeTarget "GenesisKitOSXTests" */ = {
			isa = XCConfigurationList;
			buildConfigurations = (
				962E123C19FC195900A1C594 /* Debug */,
				962E123D19FC195900A1C594 /* Release */,
			);
			defaultConfigurationIsVisible = 0;
			defaultConfigurationName = Release;
		};
		962E134219FC689F00A1C594 /* Build configuration list for PBXNativeTarget "GenesisKitIOS" */ = {
			isa = XCConfigurationList;
			buildConfigurations = (
				962E134319FC689F00A1C594 /* Debug */,
				962E134419FC689F00A1C594 /* Release */,
			);
			defaultConfigurationIsVisible = 0;
			defaultConfigurationName = Release;
		};
		962E134519FC689F00A1C594 /* Build configuration list for PBXNativeTarget "GenesisKitIOSTests" */ = {
			isa = XCConfigurationList;
			buildConfigurations = (
				962E134619FC689F00A1C594 /* Debug */,
				962E134719FC689F00A1C594 /* Release */,
			);
			defaultConfigurationIsVisible = 0;
			defaultConfigurationName = Release;
		};
/* End XCConfigurationList section */
	};
	rootObject = 962E11DD19FC18EF00A1C594 /* Project object */;
}
